
Microsoft Visual Studio Solution File, Format Version 12.00
# Visual Studio Version 17
VisualStudioVersion = 17.4.33205.214
MinimumVisualStudioVersion = 10.0.40219.1
Project("{FAE04EC0-301F-11D3-BF4B-00C04F79EFBC}") = "HelloWord", "HelloWord\HelloWord.csproj", "{506451C5-D85D-4EAA-9215-52E242BF3109}"
EndProject
Global
	GlobalSection(SolutionConfigurationPlatforms) = preSolution
		Debug|Any CPU = Debug|Any CPU
		Release|Any CPU = Release|Any CPU
	EndGlobalSection
	GlobalSection(ProjectConfigurationPlatforms) = postSolution
		{506451C5-D85D-4EAA-9215-52E242BF3109}.Debug|Any CPU.ActiveCfg = Debug|Any CPU
		{506451C5-D85D-4EAA-9215-52E242BF3109}.Debug|Any CPU.Build.0 = Debug|Any CPU
		{506451C5-D85D-4EAA-9215-52E242BF3109}.Release|Any CPU.ActiveCfg = Release|Any CPU
		{506451C5-D85D-4EAA-9215-52E242BF3109}.Release|Any CPU.Build.0 = Release|Any CPU
	EndGlobalSection
	GlobalSection(SolutionProperties) = preSolution
		HideSolutionNode = FALSE
	EndGlobalSection
	GlobalSection(ExtensibilityGlobals) = postSolution
		SolutionGuid = {49181492-CC10-41D0-8F51-81A686D71E78}
	EndGlobalSection
EndGlobal
